
Microsoft Visual Studio Solution File, Format Version 12.00
# Visual Studio Version 16
VisualStudioVersion = 16.0.31729.503
MinimumVisualStudioVersion = 10.0.40219.1
Project("{FAE04EC0-301F-11D3-BF4B-00C04F79EFBC}") = "Lab10", "Lab10.csproj", "{1318D078-26DE-412C-BCCA-4D16263152A1}"
EndProject
Global
	GlobalSection(SolutionConfigurationPlatforms) = preSolution
		Debug|Any CPU = Debug|Any CPU
		Release|Any CPU = Release|Any CPU
	EndGlobalSection
	GlobalSection(ProjectConfigurationPlatforms) = postSolution
		{1318D078-26DE-412C-BCCA-4D16263152A1}.Debug|Any CPU.ActiveCfg = Debug|Any CPU
		{1318D078-26DE-412C-BCCA-4D16263152A1}.Debug|Any CPU.Build.0 = Debug|Any CPU
		{1318D078-26DE-412C-BCCA-4D16263152A1}.Release|Any CPU.ActiveCfg = Release|Any CPU
		{1318D078-26DE-412C-BCCA-4D16263152A1}.Release|Any CPU.Build.0 = Release|Any CPU
	EndGlobalSection
	GlobalSection(SolutionProperties) = preSolution
		HideSolutionNode = FALSE
	EndGlobalSection
	GlobalSection(ExtensibilityGlobals) = postSolution
		SolutionGuid = {08E121C6-7EBB-4198-8487-280D7143D513}
	EndGlobalSection
EndGlobal
