
Microsoft Visual Studio Solution File, Format Version 12.00
# Visual Studio Version 16
VisualStudioVersion = 16.0.31613.86
MinimumVisualStudioVersion = 10.0.40219.1
Project("{FAE04EC0-301F-11D3-BF4B-00C04F79EFBC}") = "Lab09", "Lab09\Lab09.csproj", "{6ABD8017-7869-48DD-B828-78FD735A8DA5}"
EndProject
Global
	GlobalSection(SolutionConfigurationPlatforms) = preSolution
		Debug|Any CPU = Debug|Any CPU
		Release|Any CPU = Release|Any CPU
	EndGlobalSection
	GlobalSection(ProjectConfigurationPlatforms) = postSolution
		{6ABD8017-7869-48DD-B828-78FD735A8DA5}.Debug|Any CPU.ActiveCfg = Debug|Any CPU
		{6ABD8017-7869-48DD-B828-78FD735A8DA5}.Debug|Any CPU.Build.0 = Debug|Any CPU
		{6ABD8017-7869-48DD-B828-78FD735A8DA5}.Release|Any CPU.ActiveCfg = Release|Any CPU
		{6ABD8017-7869-48DD-B828-78FD735A8DA5}.Release|Any CPU.Build.0 = Release|Any CPU
	EndGlobalSection
	GlobalSection(SolutionProperties) = preSolution
		HideSolutionNode = FALSE
	EndGlobalSection
	GlobalSection(ExtensibilityGlobals) = postSolution
		SolutionGuid = {8FB914CD-EC0A-44F0-903F-7A6383601A04}
	EndGlobalSection
EndGlobal
