
Microsoft Visual Studio Solution File, Format Version 12.00
# Visual Studio Version 16
VisualStudioVersion = 16.0.31613.86
MinimumVisualStudioVersion = 10.0.40219.1
Project("{FAE04EC0-301F-11D3-BF4B-00C04F79EFBC}") = "Lab06", "Lab06\Lab06.csproj", "{2FD9028D-99D1-4CD0-83D3-AD3E13E40CA1}"
EndProject
Global
	GlobalSection(SolutionConfigurationPlatforms) = preSolution
		Debug|Any CPU = Debug|Any CPU
		Release|Any CPU = Release|Any CPU
	EndGlobalSection
	GlobalSection(ProjectConfigurationPlatforms) = postSolution
		{2FD9028D-99D1-4CD0-83D3-AD3E13E40CA1}.Debug|Any CPU.ActiveCfg = Debug|Any CPU
		{2FD9028D-99D1-4CD0-83D3-AD3E13E40CA1}.Debug|Any CPU.Build.0 = Debug|Any CPU
		{2FD9028D-99D1-4CD0-83D3-AD3E13E40CA1}.Release|Any CPU.ActiveCfg = Release|Any CPU
		{2FD9028D-99D1-4CD0-83D3-AD3E13E40CA1}.Release|Any CPU.Build.0 = Release|Any CPU
	EndGlobalSection
	GlobalSection(SolutionProperties) = preSolution
		HideSolutionNode = FALSE
	EndGlobalSection
	GlobalSection(ExtensibilityGlobals) = postSolution
		SolutionGuid = {227648ED-E11A-4887-879D-635AEC114E3F}
	EndGlobalSection
EndGlobal
